
Microsoft Visual Studio Solution File, Format Version 12.00
# Visual Studio Version 16
VisualStudioVersion = 16.0.31025.194
MinimumVisualStudioVersion = 10.0.40219.1
Project("{9A19103F-16F7-4668-BE54-9A1E7A4F7556}") = "Entities", "Entities\Entities.csproj", "{9E67B9F5-9818-481C-B7A1-76F0C83F875A}"
EndProject
Project("{9A19103F-16F7-4668-BE54-9A1E7A4F7556}") = "DataAccess", "DataAccess\DataAccess.csproj", "{148DB4EB-B3E8-4664-B15A-557F8C6C72FB}"
EndProject
Project("{9A19103F-16F7-4668-BE54-9A1E7A4F7556}") = "Bussiness", "Bussiness\Bussiness.csproj", "{786C214E-4488-42B0-9001-0CE048F9D795}"
EndProject
Project("{9A19103F-16F7-4668-BE54-9A1E7A4F7556}") = "ConsoleUI", "ConsoleUI\ConsoleUI.csproj", "{3BE5AC72-B7A9-48FA-A51C-69BE5B51E2FB}"
EndProject
Project("{9A19103F-16F7-4668-BE54-9A1E7A4F7556}") = "Core", "Core\Core.csproj", "{A4A6E5F4-24BE-4B3E-AF9B-6E46A1947B4F}"
EndProject
Project("{FAE04EC0-301F-11D3-BF4B-00C04F79EFBC}") = "WebAPI", "WebAPI\WebAPI.csproj", "{2D26CE2F-30F3-4A6C-843B-F07C8A206BDA}"
EndProject
Global
	GlobalSection(SolutionConfigurationPlatforms) = preSolution
		Debug|Any CPU = Debug|Any CPU
		Release|Any CPU = Release|Any CPU
	EndGlobalSection
	GlobalSection(ProjectConfigurationPlatforms) = postSolution
		{9E67B9F5-9818-481C-B7A1-76F0C83F875A}.Debug|Any CPU.ActiveCfg = Debug|Any CPU
		{9E67B9F5-9818-481C-B7A1-76F0C83F875A}.Debug|Any CPU.Build.0 = Debug|Any CPU
		{9E67B9F5-9818-481C-B7A1-76F0C83F875A}.Release|Any CPU.ActiveCfg = Release|Any CPU
		{9E67B9F5-9818-481C-B7A1-76F0C83F875A}.Release|Any CPU.Build.0 = Release|Any CPU
		{148DB4EB-B3E8-4664-B15A-557F8C6C72FB}.Debug|Any CPU.ActiveCfg = Debug|Any CPU
		{148DB4EB-B3E8-4664-B15A-557F8C6C72FB}.Debug|Any CPU.Build.0 = Debug|Any CPU
		{148DB4EB-B3E8-4664-B15A-557F8C6C72FB}.Release|Any CPU.ActiveCfg = Release|Any CPU
		{148DB4EB-B3E8-4664-B15A-557F8C6C72FB}.Release|Any CPU.Build.0 = Release|Any CPU
		{786C214E-4488-42B0-9001-0CE048F9D795}.Debug|Any CPU.ActiveCfg = Debug|Any CPU
		{786C214E-4488-42B0-9001-0CE048F9D795}.Debug|Any CPU.Build.0 = Debug|Any CPU
		{786C214E-4488-42B0-9001-0CE048F9D795}.Release|Any CPU.ActiveCfg = Release|Any CPU
		{786C214E-4488-42B0-9001-0CE048F9D795}.Release|Any CPU.Build.0 = Release|Any CPU
		{3BE5AC72-B7A9-48FA-A51C-69BE5B51E2FB}.Debug|Any CPU.ActiveCfg = Debug|Any CPU
		{3BE5AC72-B7A9-48FA-A51C-69BE5B51E2FB}.Debug|Any CPU.Build.0 = Debug|Any CPU
		{3BE5AC72-B7A9-48FA-A51C-69BE5B51E2FB}.Release|Any CPU.ActiveCfg = Release|Any CPU
		{3BE5AC72-B7A9-48FA-A51C-69BE5B51E2FB}.Release|Any CPU.Build.0 = Release|Any CPU
		{A4A6E5F4-24BE-4B3E-AF9B-6E46A1947B4F}.Debug|Any CPU.ActiveCfg = Debug|Any CPU
		{A4A6E5F4-24BE-4B3E-AF9B-6E46A1947B4F}.Debug|Any CPU.Build.0 = Debug|Any CPU
		{A4A6E5F4-24BE-4B3E-AF9B-6E46A1947B4F}.Release|Any CPU.ActiveCfg = Release|Any CPU
		{A4A6E5F4-24BE-4B3E-AF9B-6E46A1947B4F}.Release|Any CPU.Build.0 = Release|Any CPU
		{2D26CE2F-30F3-4A6C-843B-F07C8A206BDA}.Debug|Any CPU.ActiveCfg = Debug|Any CPU
		{2D26CE2F-30F3-4A6C-843B-F07C8A206BDA}.Debug|Any CPU.Build.0 = Debug|Any CPU
		{2D26CE2F-30F3-4A6C-843B-F07C8A206BDA}.Release|Any CPU.ActiveCfg = Release|Any CPU
		{2D26CE2F-30F3-4A6C-843B-F07C8A206BDA}.Release|Any CPU.Build.0 = Release|Any CPU
	EndGlobalSection
	GlobalSection(SolutionProperties) = preSolution
		HideSolutionNode = FALSE
	EndGlobalSection
	GlobalSection(ExtensibilityGlobals) = postSolution
		SolutionGuid = {7805C064-6E0C-48F4-9AF9-5B4D30B1D91D}
	EndGlobalSection
EndGlobal
